
Microsoft Visual Studio Solution File, Format Version 12.00
# Visual Studio Version 17
VisualStudioVersion = 17.3.32929.385
MinimumVisualStudioVersion = 10.0.40219.1
Project("{FAE04EC0-301F-11D3-BF4B-00C04F79EFBC}") = "NeedsRefactoring", "NeedsRefactoring.csproj", "{2443F0CB-2FBD-407E-9658-1B27A1016236}"
EndProject
Global
	GlobalSection(SolutionConfigurationPlatforms) = preSolution
		Debug|Any CPU = Debug|Any CPU
		Release|Any CPU = Release|Any CPU
	EndGlobalSection
	GlobalSection(ProjectConfigurationPlatforms) = postSolution
		{2443F0CB-2FBD-407E-9658-1B27A1016236}.Debug|Any CPU.ActiveCfg = Debug|Any CPU
		{2443F0CB-2FBD-407E-9658-1B27A1016236}.Debug|Any CPU.Build.0 = Debug|Any CPU
		{2443F0CB-2FBD-407E-9658-1B27A1016236}.Release|Any CPU.ActiveCfg = Release|Any CPU
		{2443F0CB-2FBD-407E-9658-1B27A1016236}.Release|Any CPU.Build.0 = Release|Any CPU
	EndGlobalSection
	GlobalSection(SolutionProperties) = preSolution
		HideSolutionNode = FALSE
	EndGlobalSection
	GlobalSection(ExtensibilityGlobals) = postSolution
		SolutionGuid = {83A60086-460A-457E-9A6F-FCC6FA2B7A7C}
	EndGlobalSection
EndGlobal
